
Microsoft Visual Studio Solution File, Format Version 12.00
# Visual Studio Version 17
VisualStudioVersion = 17.7.34031.279
MinimumVisualStudioVersion = 10.0.40219.1
Project("{FAE04EC0-301F-11D3-BF4B-00C04F79EFBC}") = "TRMDataManager", "TRMDataManager\TRMDataManager.csproj", "{5CBCD2EF-DB7A-4F40-94AC-65A6F04A15DC}"
EndProject
Project("{00D1A9C2-B5F0-4AF3-8072-F6C62B433612}") = "TRMData", "TRMData\TRMData.sqlproj", "{1FCA1FEC-A6EC-47A4-B4E7-89D36009C1EE}"
EndProject
Global
	GlobalSection(SolutionConfigurationPlatforms) = preSolution
		Debug|Any CPU = Debug|Any CPU
		Release|Any CPU = Release|Any CPU
	EndGlobalSection
	GlobalSection(ProjectConfigurationPlatforms) = postSolution
		{5CBCD2EF-DB7A-4F40-94AC-65A6F04A15DC}.Debug|Any CPU.ActiveCfg = Debug|Any CPU
		{5CBCD2EF-DB7A-4F40-94AC-65A6F04A15DC}.Debug|Any CPU.Build.0 = Debug|Any CPU
		{5CBCD2EF-DB7A-4F40-94AC-65A6F04A15DC}.Release|Any CPU.ActiveCfg = Release|Any CPU
		{5CBCD2EF-DB7A-4F40-94AC-65A6F04A15DC}.Release|Any CPU.Build.0 = Release|Any CPU
		{1FCA1FEC-A6EC-47A4-B4E7-89D36009C1EE}.Debug|Any CPU.ActiveCfg = Debug|Any CPU
		{1FCA1FEC-A6EC-47A4-B4E7-89D36009C1EE}.Debug|Any CPU.Build.0 = Debug|Any CPU
		{1FCA1FEC-A6EC-47A4-B4E7-89D36009C1EE}.Debug|Any CPU.Deploy.0 = Debug|Any CPU
		{1FCA1FEC-A6EC-47A4-B4E7-89D36009C1EE}.Release|Any CPU.ActiveCfg = Release|Any CPU
		{1FCA1FEC-A6EC-47A4-B4E7-89D36009C1EE}.Release|Any CPU.Build.0 = Release|Any CPU
		{1FCA1FEC-A6EC-47A4-B4E7-89D36009C1EE}.Release|Any CPU.Deploy.0 = Release|Any CPU
	EndGlobalSection
	GlobalSection(SolutionProperties) = preSolution
		HideSolutionNode = FALSE
	EndGlobalSection
	GlobalSection(ExtensibilityGlobals) = postSolution
		SolutionGuid = {8EB06549-434F-4CD5-A382-D8C2124C88FB}
	EndGlobalSection
EndGlobal
