
Microsoft Visual Studio Solution File, Format Version 12.00
# Visual Studio Version 17
VisualStudioVersion = 17.7.34031.279
MinimumVisualStudioVersion = 10.0.40219.1
Project("{00D1A9C2-B5F0-4AF3-8072-F6C62B433612}") = "TRMData", "TRMData\TRMData.sqlproj", "{1FCA1FEC-A6EC-47A4-B4E7-89D36009C1EE}"
EndProject
Project("{FAE04EC0-301F-11D3-BF4B-00C04F79EFBC}") = "TRMDesktopUI", "TRMDesktopUI\TRMDesktopUI.csproj", "{97E49317-C749-4232-8C93-0DA1B212668A}"
EndProject
Project("{9A19103F-16F7-4668-BE54-9A1E7A4F7556}") = "TRMDataManager.Library", "TRMDataManager.Library\TRMDataManager.Library.csproj", "{5024756A-87CA-4D6C-981B-D406AC08075A}"
EndProject
Project("{9A19103F-16F7-4668-BE54-9A1E7A4F7556}") = "TRMDesktopUI.Library", "TRMDesktopUI.Library\TRMDesktopUI.Library.csproj", "{41AA46BC-6DE7-48A7-8DD1-1D71B35C09F2}"
EndProject
Project("{2150E333-8FDC-42A3-9474-1A3956D46DE8}") = "Database", "Database", "{70CC3BC6-DF8E-451F-89E3-5D0F137308AA}"
EndProject
Project("{2150E333-8FDC-42A3-9474-1A3956D46DE8}") = "API", "API", "{4E655CE1-2FA9-4ED6-9687-21C073A1A28B}"
EndProject
Project("{2150E333-8FDC-42A3-9474-1A3956D46DE8}") = "WPF", "WPF", "{CF7E0FB1-1DE0-4963-9D72-5827A9B5E1CB}"
EndProject
Project("{9A19103F-16F7-4668-BE54-9A1E7A4F7556}") = "TRMApi", "TRMApi\TRMApi.csproj", "{D7BCE12B-92BC-40A3-BF13-27250022420D}"
EndProject
Project("{2150E333-8FDC-42A3-9474-1A3956D46DE8}") = "Solution Items", "Solution Items", "{AD80015A-BC30-4475-A16C-9F20A14EC782}"
	ProjectSection(SolutionItems) = preProject
		Roadmap.txt = Roadmap.txt
	EndProjectSection
EndProject
Global
	GlobalSection(SolutionConfigurationPlatforms) = preSolution
		Debug|Any CPU = Debug|Any CPU
		Release|Any CPU = Release|Any CPU
	EndGlobalSection
	GlobalSection(ProjectConfigurationPlatforms) = postSolution
		{1FCA1FEC-A6EC-47A4-B4E7-89D36009C1EE}.Debug|Any CPU.ActiveCfg = Debug|Any CPU
		{1FCA1FEC-A6EC-47A4-B4E7-89D36009C1EE}.Debug|Any CPU.Build.0 = Debug|Any CPU
		{1FCA1FEC-A6EC-47A4-B4E7-89D36009C1EE}.Debug|Any CPU.Deploy.0 = Debug|Any CPU
		{1FCA1FEC-A6EC-47A4-B4E7-89D36009C1EE}.Release|Any CPU.ActiveCfg = Release|Any CPU
		{1FCA1FEC-A6EC-47A4-B4E7-89D36009C1EE}.Release|Any CPU.Build.0 = Release|Any CPU
		{1FCA1FEC-A6EC-47A4-B4E7-89D36009C1EE}.Release|Any CPU.Deploy.0 = Release|Any CPU
		{97E49317-C749-4232-8C93-0DA1B212668A}.Debug|Any CPU.ActiveCfg = Debug|Any CPU
		{97E49317-C749-4232-8C93-0DA1B212668A}.Debug|Any CPU.Build.0 = Debug|Any CPU
		{97E49317-C749-4232-8C93-0DA1B212668A}.Release|Any CPU.ActiveCfg = Release|Any CPU
		{97E49317-C749-4232-8C93-0DA1B212668A}.Release|Any CPU.Build.0 = Release|Any CPU
		{5024756A-87CA-4D6C-981B-D406AC08075A}.Debug|Any CPU.ActiveCfg = Debug|Any CPU
		{5024756A-87CA-4D6C-981B-D406AC08075A}.Debug|Any CPU.Build.0 = Debug|Any CPU
		{5024756A-87CA-4D6C-981B-D406AC08075A}.Release|Any CPU.ActiveCfg = Release|Any CPU
		{5024756A-87CA-4D6C-981B-D406AC08075A}.Release|Any CPU.Build.0 = Release|Any CPU
		{41AA46BC-6DE7-48A7-8DD1-1D71B35C09F2}.Debug|Any CPU.ActiveCfg = Debug|Any CPU
		{41AA46BC-6DE7-48A7-8DD1-1D71B35C09F2}.Debug|Any CPU.Build.0 = Debug|Any CPU
		{41AA46BC-6DE7-48A7-8DD1-1D71B35C09F2}.Release|Any CPU.ActiveCfg = Release|Any CPU
		{41AA46BC-6DE7-48A7-8DD1-1D71B35C09F2}.Release|Any CPU.Build.0 = Release|Any CPU
		{D7BCE12B-92BC-40A3-BF13-27250022420D}.Debug|Any CPU.ActiveCfg = Debug|Any CPU
		{D7BCE12B-92BC-40A3-BF13-27250022420D}.Debug|Any CPU.Build.0 = Debug|Any CPU
		{D7BCE12B-92BC-40A3-BF13-27250022420D}.Release|Any CPU.ActiveCfg = Release|Any CPU
		{D7BCE12B-92BC-40A3-BF13-27250022420D}.Release|Any CPU.Build.0 = Release|Any CPU
	EndGlobalSection
	GlobalSection(SolutionProperties) = preSolution
		HideSolutionNode = FALSE
	EndGlobalSection
	GlobalSection(NestedProjects) = preSolution
		{1FCA1FEC-A6EC-47A4-B4E7-89D36009C1EE} = {70CC3BC6-DF8E-451F-89E3-5D0F137308AA}
		{97E49317-C749-4232-8C93-0DA1B212668A} = {CF7E0FB1-1DE0-4963-9D72-5827A9B5E1CB}
		{5024756A-87CA-4D6C-981B-D406AC08075A} = {4E655CE1-2FA9-4ED6-9687-21C073A1A28B}
		{41AA46BC-6DE7-48A7-8DD1-1D71B35C09F2} = {CF7E0FB1-1DE0-4963-9D72-5827A9B5E1CB}
		{D7BCE12B-92BC-40A3-BF13-27250022420D} = {4E655CE1-2FA9-4ED6-9687-21C073A1A28B}
	EndGlobalSection
	GlobalSection(ExtensibilityGlobals) = postSolution
		SolutionGuid = {8EB06549-434F-4CD5-A382-D8C2124C88FB}
	EndGlobalSection
EndGlobal
